
Microsoft Visual Studio Solution File, Format Version 12.00
# Visual Studio Version 17
VisualStudioVersion = 17.11.35312.102
MinimumVisualStudioVersion = 10.0.40219.1
Project("{FAE04EC0-301F-11D3-BF4B-00C04F79EFBC}") = "ConsolePractices", "ConsolePractices\ConsolePractices.csproj", "{3CE20B80-35D2-45A7-83F6-DBBABBD5A397}"
EndProject
Global
	GlobalSection(SolutionConfigurationPlatforms) = preSolution
		Debug|Any CPU = Debug|Any CPU
		Release|Any CPU = Release|Any CPU
	EndGlobalSection
	GlobalSection(ProjectConfigurationPlatforms) = postSolution
		{3CE20B80-35D2-45A7-83F6-DBBABBD5A397}.Debug|Any CPU.ActiveCfg = Debug|Any CPU
		{3CE20B80-35D2-45A7-83F6-DBBABBD5A397}.Debug|Any CPU.Build.0 = Debug|Any CPU
		{3CE20B80-35D2-45A7-83F6-DBBABBD5A397}.Release|Any CPU.ActiveCfg = Release|Any CPU
		{3CE20B80-35D2-45A7-83F6-DBBABBD5A397}.Release|Any CPU.Build.0 = Release|Any CPU
	EndGlobalSection
	GlobalSection(SolutionProperties) = preSolution
		HideSolutionNode = FALSE
	EndGlobalSection
	GlobalSection(ExtensibilityGlobals) = postSolution
		SolutionGuid = {05F7867A-D10D-41E4-AC1B-0169411E5609}
	EndGlobalSection
EndGlobal
